
Microsoft Visual Studio Solution File, Format Version 12.00
# Visual Studio Version 17
VisualStudioVersion = 17.2.32505.173
MinimumVisualStudioVersion = 10.0.40219.1
Project("{FAE04EC0-301F-11D3-BF4B-00C04F79EFBC}") = "Task1", "Task1\Task1.csproj", "{EEA9F779-3126-42B3-BE99-C87D98FA4656}"
EndProject
Project("{FAE04EC0-301F-11D3-BF4B-00C04F79EFBC}") = "Task2", "Task2\Task2.csproj", "{5C5A3F69-C07F-4294-B275-14318BB3F8C5}"
EndProject
Project("{FAE04EC0-301F-11D3-BF4B-00C04F79EFBC}") = "Task3", "Task3\Task3.csproj", "{AE91E340-03F8-4053-BC92-779D763F39AD}"
EndProject
Project("{FAE04EC0-301F-11D3-BF4B-00C04F79EFBC}") = "Task4", "Task4\Task4.csproj", "{541B1369-0A37-4789-B2D5-F06202CF19F1}"
EndProject
Global
	GlobalSection(SolutionConfigurationPlatforms) = preSolution
		Debug|Any CPU = Debug|Any CPU
		Release|Any CPU = Release|Any CPU
	EndGlobalSection
	GlobalSection(ProjectConfigurationPlatforms) = postSolution
		{EEA9F779-3126-42B3-BE99-C87D98FA4656}.Debug|Any CPU.ActiveCfg = Debug|Any CPU
		{EEA9F779-3126-42B3-BE99-C87D98FA4656}.Debug|Any CPU.Build.0 = Debug|Any CPU
		{EEA9F779-3126-42B3-BE99-C87D98FA4656}.Release|Any CPU.ActiveCfg = Release|Any CPU
		{EEA9F779-3126-42B3-BE99-C87D98FA4656}.Release|Any CPU.Build.0 = Release|Any CPU
		{5C5A3F69-C07F-4294-B275-14318BB3F8C5}.Debug|Any CPU.ActiveCfg = Debug|Any CPU
		{5C5A3F69-C07F-4294-B275-14318BB3F8C5}.Debug|Any CPU.Build.0 = Debug|Any CPU
		{5C5A3F69-C07F-4294-B275-14318BB3F8C5}.Release|Any CPU.ActiveCfg = Release|Any CPU
		{5C5A3F69-C07F-4294-B275-14318BB3F8C5}.Release|Any CPU.Build.0 = Release|Any CPU
		{AE91E340-03F8-4053-BC92-779D763F39AD}.Debug|Any CPU.ActiveCfg = Debug|Any CPU
		{AE91E340-03F8-4053-BC92-779D763F39AD}.Debug|Any CPU.Build.0 = Debug|Any CPU
		{AE91E340-03F8-4053-BC92-779D763F39AD}.Release|Any CPU.ActiveCfg = Release|Any CPU
		{AE91E340-03F8-4053-BC92-779D763F39AD}.Release|Any CPU.Build.0 = Release|Any CPU
		{541B1369-0A37-4789-B2D5-F06202CF19F1}.Debug|Any CPU.ActiveCfg = Debug|Any CPU
		{541B1369-0A37-4789-B2D5-F06202CF19F1}.Debug|Any CPU.Build.0 = Debug|Any CPU
		{541B1369-0A37-4789-B2D5-F06202CF19F1}.Release|Any CPU.ActiveCfg = Release|Any CPU
		{541B1369-0A37-4789-B2D5-F06202CF19F1}.Release|Any CPU.Build.0 = Release|Any CPU
	EndGlobalSection
	GlobalSection(SolutionProperties) = preSolution
		HideSolutionNode = FALSE
	EndGlobalSection
	GlobalSection(ExtensibilityGlobals) = postSolution
		SolutionGuid = {8382B85E-493A-4625-9DC7-EAC0566458A1}
	EndGlobalSection
EndGlobal
